<?xml version="1.0" encoding="utf-8"?>
<Project ToolsVersion="4.0" xmlns="http://schemas.microsoft.com/developer/msbuild/2003">
  <ItemGroup>
    <Filter Include="src">
      <UniqueIdentifier>{95f92063-9d84-4386-a5e2-06e5da6b56e1}</UniqueIdentifier>
    </Filter>
    <Filter Include="src\generated">
      <UniqueIdentifier>{596c03ae-55e7-4173-ab2a-7c52af49fee6}</UniqueIdentifier>
    </Filter>
    <Filter Include="src\generated\contexts">
      <UniqueIdentifier>{292ad3da-5406-4db7-8758-7d008f69486f}</UniqueIdentifier>
    </Filter>
    <Filter Include="src\generated\executors">
      <UniqueIdentifier>{c947d469-cd9d-4fab-9c31-01feb2f2bac6}</UniqueIdentifier>
    </Filter>
    <Filter Include="src\code">
      <UniqueIdentifier>{585b3303-f0ad-4705-8e7c-d07b56474e76}</UniqueIdentifier>
    </Filter>
    <Filter Include="src\internal">
      <UniqueIdentifier>{d6cbf608-a7e4-4a50-9229-c6e0819c4474}</UniqueIdentifier>
    </Filter>
    <Filter Include="src\internal\systems">
      <UniqueIdentifier>{d14c52f8-1422-4dcb-9ca9-b5ac88f1a6f4}</UniqueIdentifier>
    </Filter>
    <Filter Include="src\internal\supportTypes">
      <UniqueIdentifier>{234efd45-6cf6-4bf0-9a33-e57e05feb604}</UniqueIdentifier>
    </Filter>
    <Filter Include="src\generated\types">
      <UniqueIdentifier>{490ec793-b101-4991-a8ec-b35ec0567e85}</UniqueIdentifier>
    </Filter>
  </ItemGroup>
  <ItemGroup>
    <ClCompile Include="src\contexts\ApplicationContext.cpp">
      <Filter>src\generated\contexts</Filter>
    </ClCompile>
    <ClCompile Include="src\runtime.cpp">
      <Filter>src\generated</Filter>
    </ClCompile>
    <ClCompile Include="src\contexts\PlayerInitialContext.cpp">
      <Filter>src\generated\contexts</Filter>
    </ClCompile>
    <ClCompile Include="src\contexts\PlayerWorldStateContext.cpp">
      <Filter>src\generated\contexts</Filter>
    </ClCompile>
    <ClCompile Include="src\executors\RenderExecutor.cpp">
      <Filter>src\generated\executors</Filter>
    </ClCompile>
    <ClCompile Include="src\executors\RenderExecutorImpl.cpp">
      <Filter>src\code</Filter>
    </ClCompile>
    <ClCompile Include="src\contexts\RenderInternalContext.cpp">
      <Filter>src\generated\contexts</Filter>
    </ClCompile>
    <ClCompile Include="src\contexts\WindowParametersContext.cpp">
      <Filter>src\generated\contexts</Filter>
    </ClCompile>
    <ClCompile Include="src\executors\AssetsExecutor.cpp">
      <Filter>src\generated\executors</Filter>
    </ClCompile>
    <ClCompile Include="src\executors\AssetsExecutorImpl.cpp">
      <Filter>src\code</Filter>
    </ClCompile>
    <ClCompile Include="src\contexts\RenderCmdsContext.cpp">
      <Filter>src\generated\contexts</Filter>
    </ClCompile>
    <ClCompile Include="src\executors\PlayerExecutor.cpp">
      <Filter>src\generated\executors</Filter>
    </ClCompile>
    <ClCompile Include="src\executors\PlayerExecutorImpl.cpp">
      <Filter>src\code</Filter>
    </ClCompile>
    <ClCompile Include="src\contexts\InputsContext.cpp">
      <Filter>src\generated\contexts</Filter>
    </ClCompile>
    <ClCompile Include="src\internal\systems\Inputs.cpp">
      <Filter>src\internal\systems</Filter>
    </ClCompile>
    <ClCompile Include="src\contexts\MouseContext.cpp">
      <Filter>src\generated\contexts</Filter>
    </ClCompile>
    <ClCompile Include="src\contexts\WorldContext.cpp">
      <Filter>src\generated\contexts</Filter>
    </ClCompile>
    <ClCompile Include="src\executors\WorldExecutorImpl.cpp">
      <Filter>src\code</Filter>
    </ClCompile>
    <ClCompile Include="src\executors\WorldExecutor.cpp">
      <Filter>src\generated\executors</Filter>
    </ClCompile>
    <ClCompile Include="src\executors\BulletsExecutor.cpp">
      <Filter>src\generated\executors</Filter>
    </ClCompile>
    <ClCompile Include="src\executors\BulletsExecutorImpl.cpp">
      <Filter>src\code</Filter>
    </ClCompile>
    <ClCompile Include="src\contexts\BulletsContext.cpp">
      <Filter>src\generated\contexts</Filter>
    </ClCompile>
    <ClCompile Include="src\contexts\ElementsContext.cpp">
      <Filter>src\generated\contexts</Filter>
    </ClCompile>
    <ClCompile Include="src\contexts\EnemiesContext.cpp">
      <Filter>src\generated\contexts</Filter>
    </ClCompile>
    <ClCompile Include="src\contexts\SpawnerStateContext.cpp">
      <Filter>src\generated\contexts</Filter>
    </ClCompile>
    <ClCompile Include="src\executors\EnemiesExecutor.cpp">
      <Filter>src\generated\executors</Filter>
    </ClCompile>
    <ClCompile Include="src\executors\SpawnerExecutor.cpp">
      <Filter>src\generated\executors</Filter>
    </ClCompile>
    <ClCompile Include="src\executors\EnemiesExecutorImpl.cpp">
      <Filter>src\code</Filter>
    </ClCompile>
    <ClCompile Include="src\executors\SpawnerExecutorImpl.cpp">
      <Filter>src\code</Filter>
    </ClCompile>
    <ClCompile Include="src\contexts\CollisionsDataContext.cpp">
      <Filter>src\generated\contexts</Filter>
    </ClCompile>
    <ClCompile Include="src\contexts\CollisionsResultContext.cpp">
      <Filter>src\generated\contexts</Filter>
    </ClCompile>
    <ClCompile Include="src\executors\CollisionsExecutorImpl.cpp">
      <Filter>src\code</Filter>
    </ClCompile>
    <ClCompile Include="src\executors\CollisionsExecutor.cpp">
      <Filter>src\generated\executors</Filter>
    </ClCompile>
    <ClCompile Include="src\contexts\EnemiesParametersContext.cpp">
      <Filter>src\generated\contexts</Filter>
    </ClCompile>
    <ClCompile Include="src\contexts\EnemiesStateContext.cpp">
      <Filter>src\generated\contexts</Filter>
    </ClCompile>
    <ClCompile Include="src\contexts\SpawnerParametersContext.cpp">
      <Filter>src\generated\contexts</Filter>
    </ClCompile>
    <ClCompile Include="src\contexts\WeaponCmdsContext.cpp">
      <Filter>src\generated\contexts</Filter>
    </ClCompile>
    <ClCompile Include="src\executors\WeaponsExecutor.cpp">
      <Filter>src\generated\executors</Filter>
    </ClCompile>
    <ClCompile Include="src\executors\WeaponsExecutorImpl.cpp">
      <Filter>src\code</Filter>
    </ClCompile>
    <ClCompile Include="src\contexts\WeaponsConfigContext.cpp">
      <Filter>src\generated\contexts</Filter>
    </ClCompile>
    <ClCompile Include="src\contexts\WeaponStateContext.cpp">
      <Filter>src\generated\contexts</Filter>
    </ClCompile>
    <ClCompile Include="src\contexts\BulletsInternalContext.cpp">
      <Filter>src\generated\contexts</Filter>
    </ClCompile>
    <ClCompile Include="src\executors\DecalsExecutor.cpp">
      <Filter>src\generated\executors</Filter>
    </ClCompile>
    <ClCompile Include="src\executors\DecalsExecutorImpl.cpp">
      <Filter>src\code</Filter>
    </ClCompile>
    <ClCompile Include="src\contexts\DecalsInternalContext.cpp">
      <Filter>src\generated\contexts</Filter>
    </ClCompile>
    <ClCompile Include="src\contexts\RenderAssetsContext.cpp">
      <Filter>src\generated\contexts</Filter>
    </ClCompile>
    <ClCompile Include="src\contexts\DecalsCmdsContext.cpp">
      <Filter>src\generated\contexts</Filter>
    </ClCompile>
    <ClCompile Include="src\generated_types\collisionTypesGen.cpp">
      <Filter>src\generated\types</Filter>
    </ClCompile>
    <ClCompile Include="src\generated_types\coordTypesGen.cpp">
      <Filter>src\generated\types</Filter>
    </ClCompile>
    <ClCompile Include="src\generated_types\decalsTypesGen.cpp">
      <Filter>src\generated\types</Filter>
    </ClCompile>
    <ClCompile Include="src\generated_types\inputsGen.cpp">
      <Filter>src\generated\types</Filter>
    </ClCompile>
    <ClCompile Include="src\generated_types\renderTypesGen.cpp">
      <Filter>src\generated\types</Filter>
    </ClCompile>
    <ClCompile Include="src\generated_types\weaponsGen.cpp">
      <Filter>src\generated\types</Filter>
    </ClCompile>
    <ClCompile Include="src\generated_types\itemsGen.cpp">
      <Filter>src\generated\types</Filter>
    </ClCompile>
    <ClCompile Include="src\contexts\ItemsConfigContext.cpp">
      <Filter>src\generated\contexts</Filter>
    </ClCompile>
    <ClCompile Include="src\contexts\ItemsCmdsContext.cpp">
      <Filter>src\generated\contexts</Filter>
    </ClCompile>
    <ClCompile Include="src\executors\ItemsExecutor.cpp">
      <Filter>src\generated\executors</Filter>
    </ClCompile>
    <ClCompile Include="src\executors\ItemsExecutorImpl.cpp">
      <Filter>src\code</Filter>
    </ClCompile>
    <ClCompile Include="src\contexts\ItemsInternalContext.cpp">
      <Filter>src\generated\contexts</Filter>
    </ClCompile>
    <ClCompile Include="src\contexts\ItemsTempContext.cpp">
      <Filter>src\generated\contexts</Filter>
    </ClCompile>
    <ClCompile Include="src\contexts\ExplosionsCmdsContext.cpp">
      <Filter>src\generated\contexts</Filter>
    </ClCompile>
    <ClCompile Include="src\executors\ExplosionsExecutor.cpp">
      <Filter>src\generated\executors</Filter>
    </ClCompile>
    <ClCompile Include="src\executors\ExplosionsExecutorImpl.cpp">
      <Filter>src\code</Filter>
    </ClCompile>
    <ClCompile Include="src\generated_types\explosionsGen.cpp">
      <Filter>src\generated\types</Filter>
    </ClCompile>
    <ClCompile Include="src\contexts\ExplosionsSharedContext.cpp">
      <Filter>src\generated\contexts</Filter>
    </ClCompile>
    <ClCompile Include="src\contexts\ExplosionsInternalContext.cpp">
      <Filter>src\generated\contexts</Filter>
    </ClCompile>
    <ClCompile Include="src\contexts\ExplosionsConfigContext.cpp">
      <Filter>src\generated\contexts</Filter>
    </ClCompile>
    <ClCompile Include="src\contexts\ExplosionsTempContext.cpp">
      <Filter>src\generated\contexts</Filter>
    </ClCompile>
  </ItemGroup>
  <ItemGroup>
    <ClInclude Include="src\contexts\ApplicationContext.h">
      <Filter>src\generated\contexts</Filter>
    </ClInclude>
    <ClInclude Include="src\contexts\PlayerInitialContext.h">
      <Filter>src\generated\contexts</Filter>
    </ClInclude>
    <ClInclude Include="src\contexts\PlayerWorldStateContext.h">
      <Filter>src\generated\contexts</Filter>
    </ClInclude>
    <ClInclude Include="src\executors\RenderExecutor.h">
      <Filter>src\generated\executors</Filter>
    </ClInclude>
    <ClInclude Include="src\contexts\WindowParametersContext.h">
      <Filter>src\generated\contexts</Filter>
    </ClInclude>
    <ClInclude Include="src\executors\AssetsExecutor.h">
      <Filter>src\generated\executors</Filter>
    </ClInclude>
    <ClInclude Include="src\contexts\RenderCmdsContext.h">
      <Filter>src\generated\contexts</Filter>
    </ClInclude>
    <ClInclude Include="src\executors\PlayerExecutor.h">
      <Filter>src\generated\executors</Filter>
    </ClInclude>
    <ClInclude Include="src\contexts\InputsContext.h">
      <Filter>src\generated\contexts</Filter>
    </ClInclude>
    <ClInclude Include="src\internal\systems\Inputs.h">
      <Filter>src\internal\systems</Filter>
    </ClInclude>
    <ClInclude Include="src\contexts\MouseContext.h">
      <Filter>src\generated\contexts</Filter>
    </ClInclude>
    <ClInclude Include="src\internal\supportTypes\renderTypes.h">
      <Filter>src\internal\supportTypes</Filter>
    </ClInclude>
    <ClInclude Include="src\contexts\WorldContext.h">
      <Filter>src\generated\contexts</Filter>
    </ClInclude>
    <ClInclude Include="src\executors\WorldExecutor.h">
      <Filter>src\generated\executors</Filter>
    </ClInclude>
    <ClInclude Include="src\internal\supportTypes\coordTypes.h">
      <Filter>src\internal\supportTypes</Filter>
    </ClInclude>
    <ClInclude Include="src\executors\BulletsExecutor.h">
      <Filter>src\generated\executors</Filter>
    </ClInclude>
    <ClInclude Include="src\contexts\BulletsContext.h">
      <Filter>src\generated\contexts</Filter>
    </ClInclude>
    <ClInclude Include="src\contexts\ElementsContext.h">
      <Filter>src\generated\contexts</Filter>
    </ClInclude>
    <ClInclude Include="src\contexts\EnemiesContext.h">
      <Filter>src\generated\contexts</Filter>
    </ClInclude>
    <ClInclude Include="src\contexts\SpawnerStateContext.h">
      <Filter>src\generated\contexts</Filter>
    </ClInclude>
    <ClInclude Include="src\executors\EnemiesExecutor.h">
      <Filter>src\generated\executors</Filter>
    </ClInclude>
    <ClInclude Include="src\executors\SpawnerExecutor.h">
      <Filter>src\generated\executors</Filter>
    </ClInclude>
    <ClInclude Include="src\Internal\supportTypes\collisionTypes.h">
      <Filter>src\internal\supportTypes</Filter>
    </ClInclude>
    <ClInclude Include="src\contexts\CollisionsDataContext.h">
      <Filter>src\generated\contexts</Filter>
    </ClInclude>
    <ClInclude Include="src\contexts\CollisionsResultContext.h">
      <Filter>src\generated\contexts</Filter>
    </ClInclude>
    <ClInclude Include="src\executors\CollisionsExecutor.h">
      <Filter>src\generated\executors</Filter>
    </ClInclude>
    <ClInclude Include="src\contexts\EnemiesParametersContext.h">
      <Filter>src\generated\contexts</Filter>
    </ClInclude>
    <ClInclude Include="src\contexts\EnemiesStateContext.h">
      <Filter>src\generated\contexts</Filter>
    </ClInclude>
    <ClInclude Include="src\contexts\SpawnerParametersContext.h">
      <Filter>src\generated\contexts</Filter>
    </ClInclude>
    <ClInclude Include="src\contexts\WeaponCmdsContext.h">
      <Filter>src\generated\contexts</Filter>
    </ClInclude>
    <ClInclude Include="src\executors\WeaponsExecutor.h">
      <Filter>src\generated\executors</Filter>
    </ClInclude>
    <ClInclude Include="src\internal\systems\weapons.h">
      <Filter>src\internal\systems</Filter>
    </ClInclude>
    <ClInclude Include="src\contexts\WeaponsConfigContext.h">
      <Filter>src\generated\contexts</Filter>
    </ClInclude>
    <ClInclude Include="src\contexts\WeaponStateContext.h">
      <Filter>src\generated\contexts</Filter>
    </ClInclude>
    <ClInclude Include="src\contexts\BulletsInternalContext.h">
      <Filter>src\generated\contexts</Filter>
    </ClInclude>
    <ClInclude Include="src\executors\DecalsExecutor.h">
      <Filter>src\generated\executors</Filter>
    </ClInclude>
    <ClInclude Include="src\contexts\DecalsInternalContext.h">
      <Filter>src\generated\contexts</Filter>
    </ClInclude>
    <ClInclude Include="src\contexts\RenderAssetsContext.h">
      <Filter>src\generated\contexts</Filter>
    </ClInclude>
    <ClInclude Include="src\internal\supportTypes\decalsTypes.h">
      <Filter>src\internal\supportTypes</Filter>
    </ClInclude>
    <ClInclude Include="src\contexts\DecalsCmdsContext.h">
      <Filter>src\generated\contexts</Filter>
    </ClInclude>
    <ClInclude Include="src\contexts\RenderInternalContext.h">
      <Filter>src\generated\contexts</Filter>
    </ClInclude>
    <ClInclude Include="src\internal\systems\items.h">
      <Filter>src\internal\systems</Filter>
    </ClInclude>
    <ClInclude Include="src\contexts\ItemsConfigContext.h">
      <Filter>src\generated\contexts</Filter>
    </ClInclude>
    <ClInclude Include="src\contexts\ItemsCmdsContext.h">
      <Filter>src\generated\contexts</Filter>
    </ClInclude>
    <ClInclude Include="src\executors\ItemsExecutor.h">
      <Filter>src\generated\executors</Filter>
    </ClInclude>
    <ClInclude Include="src\contexts\ItemsInternalContext.h">
      <Filter>src\generated\contexts</Filter>
    </ClInclude>
    <ClInclude Include="src\contexts\ItemsTempContext.h">
      <Filter>src\generated\contexts</Filter>
    </ClInclude>
    <ClInclude Include="src\internal\systems\explosions.h">
      <Filter>src\internal\systems</Filter>
    </ClInclude>
    <ClInclude Include="src\contexts\ExplosionsCmdsContext.h">
      <Filter>src\generated\contexts</Filter>
    </ClInclude>
    <ClInclude Include="src\executors\ExplosionsExecutor.h">
      <Filter>src\generated\executors</Filter>
    </ClInclude>
    <ClInclude Include="src\contexts\ExplosionsSharedContext.h">
      <Filter>src\generated\contexts</Filter>
    </ClInclude>
    <ClInclude Include="src\contexts\ExplosionsInternalContext.h">
      <Filter>src\generated\contexts</Filter>
    </ClInclude>
    <ClInclude Include="src\contexts\ExplosionsConfigContext.h">
      <Filter>src\generated\contexts</Filter>
    </ClInclude>
    <ClInclude Include="src\contexts\ExplosionsTempContext.h">
      <Filter>src\generated\contexts</Filter>
    </ClInclude>
  </ItemGroup>
</Project>